
Microsoft Visual Studio Solution File, Format Version 12.00
# Visual Studio Version 16
VisualStudioVersion = 16.0.29509.3
MinimumVisualStudioVersion = 10.0.40219.1
Project("{2150E333-8FDC-42A3-9474-1A3956D46DE8}") = "Domain", "Domain", "{C141E68F-A27C-4B4A-A695-43C989F681DC}"
EndProject
Project("{9A19103F-16F7-4668-BE54-9A1E7A4F7556}") = "TruckApp.Domain", "TruckApp.Domain\TruckApp.Domain.csproj", "{F2EA8CBF-B9B8-4914-9E9F-D41AD9C50DED}"
EndProject
Project("{2150E333-8FDC-42A3-9474-1A3956D46DE8}") = "Infra", "Infra", "{6908141C-3B2B-448B-93EF-9EA297820551}"
EndProject
Project("{9A19103F-16F7-4668-BE54-9A1E7A4F7556}") = "TruckApp.Infra", "TruckApp.Infra\TruckApp.Infra.csproj", "{32F2D1E5-8456-4F1D-8134-80F7A466B954}"
EndProject
Project("{2150E333-8FDC-42A3-9474-1A3956D46DE8}") = "Repository", "Repository", "{D1CAA5C6-3062-44AD-B408-D74CD473B711}"
EndProject
Project("{9A19103F-16F7-4668-BE54-9A1E7A4F7556}") = "TruckApp.Repository", "TruckApp.Repository\TruckApp.Repository.csproj", "{D69AAD69-2874-4B88-A349-7A914267DD8F}"
EndProject
Project("{2150E333-8FDC-42A3-9474-1A3956D46DE8}") = "Service", "Service", "{7D3BE7EA-774F-4E98-A288-D3D5A3313372}"
EndProject
Project("{9A19103F-16F7-4668-BE54-9A1E7A4F7556}") = "TruckApp.Service", "TruckApp.Service\TruckApp.Service.csproj", "{434D2E52-A162-4F1D-A99C-8ED0B52E4702}"
EndProject
Project("{2150E333-8FDC-42A3-9474-1A3956D46DE8}") = "IoC", "IoC", "{D1FCCA94-9904-4540-9FC8-6B31F92E2C57}"
EndProject
Project("{9A19103F-16F7-4668-BE54-9A1E7A4F7556}") = "TruckApp.IoC", "TruckApp.IoC\TruckApp.IoC.csproj", "{0222C075-C855-483D-A87D-649A1A87F655}"
EndProject
Project("{2150E333-8FDC-42A3-9474-1A3956D46DE8}") = "WEB", "WEB", "{9C32E4B7-9722-4D60-AE8A-942051CBF55D}"
EndProject
Project("{9A19103F-16F7-4668-BE54-9A1E7A4F7556}") = "TruckApp.Web", "TruckApp.Web\TruckApp.Web.csproj", "{EDEBB482-F6FE-4BB0-8B1A-251E2320FF36}"
EndProject
Project("{9A19103F-16F7-4668-BE54-9A1E7A4F7556}") = "TruckApp.Mapper", "TruckApp.Mapper\TruckApp.Mapper.csproj", "{AEA8E222-8A8F-47E5-BEED-97FDD7CDE211}"
EndProject
Project("{9A19103F-16F7-4668-BE54-9A1E7A4F7556}") = "TruckApp.Validators", "TruckApp.Validators\TruckApp.Validators.csproj", "{8FA35F71-8E5F-4169-9F3D-DAAA9050994E}"
EndProject
Project("{2150E333-8FDC-42A3-9474-1A3956D46DE8}") = "Test", "Test", "{E344E498-B471-4E3A-867B-29D718BC89F9}"
EndProject
Project("{FAE04EC0-301F-11D3-BF4B-00C04F79EFBC}") = "TruckApp.Test", "TruckApp.Test\TruckApp.Test.csproj", "{97AB501C-4C56-4C46-8C5A-FD76C172B7F2}"
EndProject
Global
	GlobalSection(SolutionConfigurationPlatforms) = preSolution
		Debug|Any CPU = Debug|Any CPU
		Release|Any CPU = Release|Any CPU
	EndGlobalSection
	GlobalSection(ProjectConfigurationPlatforms) = postSolution
		{F2EA8CBF-B9B8-4914-9E9F-D41AD9C50DED}.Debug|Any CPU.ActiveCfg = Debug|Any CPU
		{F2EA8CBF-B9B8-4914-9E9F-D41AD9C50DED}.Debug|Any CPU.Build.0 = Debug|Any CPU
		{F2EA8CBF-B9B8-4914-9E9F-D41AD9C50DED}.Release|Any CPU.ActiveCfg = Release|Any CPU
		{F2EA8CBF-B9B8-4914-9E9F-D41AD9C50DED}.Release|Any CPU.Build.0 = Release|Any CPU
		{32F2D1E5-8456-4F1D-8134-80F7A466B954}.Debug|Any CPU.ActiveCfg = Debug|Any CPU
		{32F2D1E5-8456-4F1D-8134-80F7A466B954}.Debug|Any CPU.Build.0 = Debug|Any CPU
		{32F2D1E5-8456-4F1D-8134-80F7A466B954}.Release|Any CPU.ActiveCfg = Release|Any CPU
		{32F2D1E5-8456-4F1D-8134-80F7A466B954}.Release|Any CPU.Build.0 = Release|Any CPU
		{D69AAD69-2874-4B88-A349-7A914267DD8F}.Debug|Any CPU.ActiveCfg = Debug|Any CPU
		{D69AAD69-2874-4B88-A349-7A914267DD8F}.Debug|Any CPU.Build.0 = Debug|Any CPU
		{D69AAD69-2874-4B88-A349-7A914267DD8F}.Release|Any CPU.ActiveCfg = Release|Any CPU
		{D69AAD69-2874-4B88-A349-7A914267DD8F}.Release|Any CPU.Build.0 = Release|Any CPU
		{434D2E52-A162-4F1D-A99C-8ED0B52E4702}.Debug|Any CPU.ActiveCfg = Debug|Any CPU
		{434D2E52-A162-4F1D-A99C-8ED0B52E4702}.Debug|Any CPU.Build.0 = Debug|Any CPU
		{434D2E52-A162-4F1D-A99C-8ED0B52E4702}.Release|Any CPU.ActiveCfg = Release|Any CPU
		{434D2E52-A162-4F1D-A99C-8ED0B52E4702}.Release|Any CPU.Build.0 = Release|Any CPU
		{0222C075-C855-483D-A87D-649A1A87F655}.Debug|Any CPU.ActiveCfg = Debug|Any CPU
		{0222C075-C855-483D-A87D-649A1A87F655}.Debug|Any CPU.Build.0 = Debug|Any CPU
		{0222C075-C855-483D-A87D-649A1A87F655}.Release|Any CPU.ActiveCfg = Release|Any CPU
		{0222C075-C855-483D-A87D-649A1A87F655}.Release|Any CPU.Build.0 = Release|Any CPU
		{EDEBB482-F6FE-4BB0-8B1A-251E2320FF36}.Debug|Any CPU.ActiveCfg = Debug|Any CPU
		{EDEBB482-F6FE-4BB0-8B1A-251E2320FF36}.Debug|Any CPU.Build.0 = Debug|Any CPU
		{EDEBB482-F6FE-4BB0-8B1A-251E2320FF36}.Release|Any CPU.ActiveCfg = Release|Any CPU
		{EDEBB482-F6FE-4BB0-8B1A-251E2320FF36}.Release|Any CPU.Build.0 = Release|Any CPU
		{AEA8E222-8A8F-47E5-BEED-97FDD7CDE211}.Debug|Any CPU.ActiveCfg = Debug|Any CPU
		{AEA8E222-8A8F-47E5-BEED-97FDD7CDE211}.Debug|Any CPU.Build.0 = Debug|Any CPU
		{AEA8E222-8A8F-47E5-BEED-97FDD7CDE211}.Release|Any CPU.ActiveCfg = Release|Any CPU
		{AEA8E222-8A8F-47E5-BEED-97FDD7CDE211}.Release|Any CPU.Build.0 = Release|Any CPU
		{8FA35F71-8E5F-4169-9F3D-DAAA9050994E}.Debug|Any CPU.ActiveCfg = Debug|Any CPU
		{8FA35F71-8E5F-4169-9F3D-DAAA9050994E}.Debug|Any CPU.Build.0 = Debug|Any CPU
		{8FA35F71-8E5F-4169-9F3D-DAAA9050994E}.Release|Any CPU.ActiveCfg = Release|Any CPU
		{8FA35F71-8E5F-4169-9F3D-DAAA9050994E}.Release|Any CPU.Build.0 = Release|Any CPU
		{97AB501C-4C56-4C46-8C5A-FD76C172B7F2}.Debug|Any CPU.ActiveCfg = Debug|Any CPU
		{97AB501C-4C56-4C46-8C5A-FD76C172B7F2}.Debug|Any CPU.Build.0 = Debug|Any CPU
		{97AB501C-4C56-4C46-8C5A-FD76C172B7F2}.Release|Any CPU.ActiveCfg = Release|Any CPU
		{97AB501C-4C56-4C46-8C5A-FD76C172B7F2}.Release|Any CPU.Build.0 = Release|Any CPU
	EndGlobalSection
	GlobalSection(SolutionProperties) = preSolution
		HideSolutionNode = FALSE
	EndGlobalSection
	GlobalSection(NestedProjects) = preSolution
		{F2EA8CBF-B9B8-4914-9E9F-D41AD9C50DED} = {C141E68F-A27C-4B4A-A695-43C989F681DC}
		{32F2D1E5-8456-4F1D-8134-80F7A466B954} = {6908141C-3B2B-448B-93EF-9EA297820551}
		{D69AAD69-2874-4B88-A349-7A914267DD8F} = {D1CAA5C6-3062-44AD-B408-D74CD473B711}
		{434D2E52-A162-4F1D-A99C-8ED0B52E4702} = {7D3BE7EA-774F-4E98-A288-D3D5A3313372}
		{0222C075-C855-483D-A87D-649A1A87F655} = {D1FCCA94-9904-4540-9FC8-6B31F92E2C57}
		{EDEBB482-F6FE-4BB0-8B1A-251E2320FF36} = {9C32E4B7-9722-4D60-AE8A-942051CBF55D}
		{AEA8E222-8A8F-47E5-BEED-97FDD7CDE211} = {6908141C-3B2B-448B-93EF-9EA297820551}
		{8FA35F71-8E5F-4169-9F3D-DAAA9050994E} = {6908141C-3B2B-448B-93EF-9EA297820551}
		{97AB501C-4C56-4C46-8C5A-FD76C172B7F2} = {E344E498-B471-4E3A-867B-29D718BC89F9}
	EndGlobalSection
	GlobalSection(ExtensibilityGlobals) = postSolution
		SolutionGuid = {874EF07F-43FF-4A7A-817C-57C88866E9A8}
	EndGlobalSection
EndGlobal
